
Microsoft Visual Studio Solution File, Format Version 12.00
# Visual Studio Version 16
VisualStudioVersion = 16.0.30517.126
MinimumVisualStudioVersion = 10.0.40219.1
Project("{FAE04EC0-301F-11D3-BF4B-00C04F79EFBC}") = "TareaN1", "TareaN1\TareaN1.csproj", "{1D02844E-E12B-4E5B-95A0-D795D05614B9}"
EndProject
Global
	GlobalSection(SolutionConfigurationPlatforms) = preSolution
		Debug|Any CPU = Debug|Any CPU
		Release|Any CPU = Release|Any CPU
	EndGlobalSection
	GlobalSection(ProjectConfigurationPlatforms) = postSolution
		{1D02844E-E12B-4E5B-95A0-D795D05614B9}.Debug|Any CPU.ActiveCfg = Debug|Any CPU
		{1D02844E-E12B-4E5B-95A0-D795D05614B9}.Debug|Any CPU.Build.0 = Debug|Any CPU
		{1D02844E-E12B-4E5B-95A0-D795D05614B9}.Release|Any CPU.ActiveCfg = Release|Any CPU
		{1D02844E-E12B-4E5B-95A0-D795D05614B9}.Release|Any CPU.Build.0 = Release|Any CPU
	EndGlobalSection
	GlobalSection(SolutionProperties) = preSolution
		HideSolutionNode = FALSE
	EndGlobalSection
	GlobalSection(ExtensibilityGlobals) = postSolution
		SolutionGuid = {4ECBEB27-94A5-4BBA-87B8-B08C69B4C92C}
	EndGlobalSection
EndGlobal
